PODS:
  - Dezignables (1.0.0)
  - FBSnapshotTestCase (2.0.7):
    - FBSnapshotTestCase/SwiftSupport (= 2.0.7)
  - FBSnapshotTestCase/Core (2.0.7)
  - FBSnapshotTestCase/SwiftSupport (2.0.7):
    - FBSnapshotTestCase/Core

DEPENDENCIES:
  - Dezignables (from `../`)
  - FBSnapshotTestCase

EXTERNAL SOURCES:
  Dezignables:
    :path: "../"

SPEC CHECKSUMS:
  Dezignables: 444a858a37f59927355390adef5023d81be570c8
  FBSnapshotTestCase: 7e85180d0d141a0cf472352edda7e80d7eaeb547

COCOAPODS: 0.39.0
