PODS:
  - Dezignables (1.3.0)
  - FBSnapshotTestCase (2.1.0):
    - FBSnapshotTestCase/SwiftSupport (= 2.1.0)
  - FBSnapshotTestCase/Core (2.1.0)
  - FBSnapshotTestCase/SwiftSupport (2.1.0):
    - FBSnapshotTestCase/Core

DEPENDENCIES:
  - Dezignables (from `../`)
  - FBSnapshotTestCase

EXTERNAL SOURCES:
  Dezignables:
    :path: "../"

SPEC CHECKSUMS:
  Dezignables: 21aea301cece09585660b6b67c5bc4777d29be52
  FBSnapshotTestCase: 366ecd378511d7716c79991cd8067d1eed23578d

COCOAPODS: 0.39.0
